
Microsoft Visual Studio Solution File, Format Version 12.00
# Visual Studio Version 17
VisualStudioVersion = 17.0.31825.309
MinimumVisualStudioVersion = 10.0.40219.1
Project("{9A19103F-16F7-4668-BE54-9A1E7A4F7556}") = "Multitenant", "Multitenant\Multitenant.csproj", "{082DA2EA-C2F5-43A6-B44A-5755F04D9413}"
EndProject
Project("{2150E333-8FDC-42A3-9474-1A3956D46DE8}") = "Solution Items", "Solution Items", "{046572F1-2611-41C7-A2B8-703615FE62D9}"
	ProjectSection(SolutionItems) = preProject
		.editorconfig = .editorconfig
	EndProjectSection
EndProject
Global
	GlobalSection(SolutionConfigurationPlatforms) = preSolution
		Debug|Any CPU = Debug|Any CPU
		Release|Any CPU = Release|Any CPU
	EndGlobalSection
	GlobalSection(ProjectConfigurationPlatforms) = postSolution
		{082DA2EA-C2F5-43A6-B44A-5755F04D9413}.Debug|Any CPU.ActiveCfg = Debug|Any CPU
		{082DA2EA-C2F5-43A6-B44A-5755F04D9413}.Debug|Any CPU.Build.0 = Debug|Any CPU
		{082DA2EA-C2F5-43A6-B44A-5755F04D9413}.Release|Any CPU.ActiveCfg = Release|Any CPU
		{082DA2EA-C2F5-43A6-B44A-5755F04D9413}.Release|Any CPU.Build.0 = Release|Any CPU
	EndGlobalSection
	GlobalSection(SolutionProperties) = preSolution
		HideSolutionNode = FALSE
	EndGlobalSection
	GlobalSection(ExtensibilityGlobals) = postSolution
		SolutionGuid = {1E252DC5-74EC-449D-B6F9-03E9DEC61C05}
	EndGlobalSection
EndGlobal
